// !$*UTF8*$!
{
	archiveVersion = 1;
	classes = {
	};
	objectVersion = 56;
	objects = {

/* Begin PBXBuildFile section */
		A1B8C2952AD5DE020033B766 /* AppDelegate.swift in Sources */ = {isa = PBXBuildFile; fileRef = A1B8C2942AD5DE020033B766 /* AppDelegate.swift */; };
		A1B8C2972AD5DE020033B766 /* SceneDelegate.swift in Sources */ = {isa = PBXBuildFile; fileRef = A1B8C2962AD5DE020033B766 /* SceneDelegate.swift */; };
		A1B8C2992AD5DE020033B766 /* ViewController.swift in Sources */ = {isa = PBXBuildFile; fileRef = A1B8C2982AD5DE020033B766 /* ViewController.swift */; };
		A1B8C29C2AD5DE020033B766 /* Main.storyboard in Resources */ = {isa = PBXBuildFile; fileRef = A1B8C29A2AD5DE020033B766 /* Main.storyboard */; };
		A1B8C29E2AD5DE030033B766 /* Assets.xcassets in Resources */ = {isa = PBXBuildFile; fileRef = A1B8C29D2AD5DE030033B766 /* Assets.xcassets */; };
		A1B8C2A12AD5DE030033B766 /* LaunchScreen.storyboard in Resources */ = {isa = PBXBuildFile; fileRef = A1B8C29F2AD5DE030033B766 /* LaunchScreen.storyboard */; };
		A1B8C2AB2AD5E41F0033B766 /* Utils.swift in Sources */ = {isa = PBXBuildFile; fileRef = A1B8C2AA2AD5E41F0033B766 /* Utils.swift */; };
		A1B8C2AF2AD5EBD20033B766 /* ResourceLoaderDelegate.swift in Sources */ = {isa = PBXBuildFile; fileRef = A1B8C2AE2AD5EBD20033B766 /* ResourceLoaderDelegate.swift */; };
		A1B8C2B12AD5EE970033B766 /* sample.mp4 in Resources */ = {isa = PBXBuildFile; fileRef = A1B8C2B02AD5EE970033B766 /* sample.mp4 */; };
/* End PBXBuildFile section */

/* Begin PBXFileReference section */
		A1B8C2912AD5DE020033B766 /* AVAssetLoaderTest.app */ = {isa = PBXFileReference; explicitFileType = wrapper.application; includeInIndex = 0; path = AVAssetLoaderTest.app; sourceTree = BUILT_PRODUCTS_DIR; };
		A1B8C2942AD5DE020033B766 /* AppDelegate.swift */ = {isa = PBXFileReference; lastKnownFileType = sourcecode.swift; path = AppDelegate.swift; sourceTree = "<group>"; };
		A1B8C2962AD5DE020033B766 /* SceneDelegate.swift */ = {isa = PBXFileReference; lastKnownFileType = sourcecode.swift; path = SceneDelegate.swift; sourceTree = "<group>"; };
		A1B8C2982AD5DE020033B766 /* ViewController.swift */ = {isa = PBXFileReference; lastKnownFileType = sourcecode.swift; path = ViewController.swift; sourceTree = "<group>"; };
		A1B8C29B2AD5DE020033B766 /* Base */ = {isa = PBXFileReference; lastKnownFileType = file.storyboard; name = Base; path = Base.lproj/Main.storyboard; sourceTree = "<group>"; };
		A1B8C29D2AD5DE030033B766 /* Assets.xcassets */ = {isa = PBXFileReference; lastKnownFileType = folder.assetcatalog; path = Assets.xcassets; sourceTree = "<group>"; };
		A1B8C2A02AD5DE030033B766 /* Base */ = {isa = PBXFileReference; lastKnownFileType = file.storyboard; name = Base; path = Base.lproj/LaunchScreen.storyboard; sourceTree = "<group>"; };
		A1B8C2A22AD5DE030033B766 /* Info.plist */ = {isa = PBXFileReference; lastKnownFileType = text.plist.xml; path = Info.plist; sourceTree = "<group>"; };
		A1B8C2AA2AD5E41F0033B766 /* Utils.swift */ = {isa = PBXFileReference; lastKnownFileType = sourcecode.swift; path = Utils.swift; sourceTree = "<group>"; };
		A1B8C2AE2AD5EBD20033B766 /* ResourceLoaderDelegate.swift */ = {isa = PBXFileReference; lastKnownFileType = sourcecode.swift; path = ResourceLoaderDelegate.swift; sourceTree = "<group>"; };
		A1B8C2B02AD5EE970033B766 /* sample.mp4 */ = {isa = PBXFileReference; lastKnownFileType = file; path = sample.mp4; sourceTree = "<group>"; };
/* End PBXFileReference section */

/* Begin PBXFrameworksBuildPhase section */
		A1B8C28E2AD5DE020033B766 /* Frameworks */ = {
			isa = PBXFrameworksBuildPhase;
			buildActionMask = 2147483647;
			files = (
			);
			runOnlyForDeploymentPostprocessing = 0;
		};
/* End PBXFrameworksBuildPhase section */

/* Begin PBXGroup section */
		A1B8C2882AD5DE020033B766 = {
			isa = PBXGroup;
			children = (
				A1B8C2932AD5DE020033B766 /* AVAssetLoaderTest */,
				A1B8C2922AD5DE020033B766 /* Products */,
			);
			sourceTree = "<group>";
		};
		A1B8C2922AD5DE020033B766 /* Products */ = {
			isa = PBXGroup;
			children = (
				A1B8C2912AD5DE020033B766 /* AVAssetLoaderTest.app */,
			);
			name = Products;
			sourceTree = "<group>";
		};
		A1B8C2932AD5DE020033B766 /* AVAssetLoaderTest */ = {
			isa = PBXGroup;
			children = (
				A1B8C2942AD5DE020033B766 /* AppDelegate.swift */,
				A1B8C2962AD5DE020033B766 /* SceneDelegate.swift */,
				A1B8C2AA2AD5E41F0033B766 /* Utils.swift */,
				A1B8C2982AD5DE020033B766 /* ViewController.swift */,
				A1B8C29A2AD5DE020033B766 /* Main.storyboard */,
				A1B8C29D2AD5DE030033B766 /* Assets.xcassets */,
				A1B8C29F2AD5DE030033B766 /* LaunchScreen.storyboard */,
				A1B8C2A22AD5DE030033B766 /* Info.plist */,
				A1B8C2AE2AD5EBD20033B766 /* ResourceLoaderDelegate.swift */,
				A1B8C2B02AD5EE970033B766 /* sample.mp4 */,
			);
			path = AVAssetLoaderTest;
			sourceTree = "<group>";
		};
/* End PBXGroup section */

/* Begin PBXNativeTarget section */
		A1B8C2902AD5DE020033B766 /* AVAssetLoaderTest */ = {
			isa = PBXNativeTarget;
			buildConfigurationList = A1B8C2A52AD5DE030033B766 /* Build configuration list for PBXNativeTarget "AVAssetLoaderTest" */;
			buildPhases = (
				A1B8C28D2AD5DE020033B766 /* Sources */,
				A1B8C28E2AD5DE020033B766 /* Frameworks */,
				A1B8C28F2AD5DE020033B766 /* Resources */,
			);
			buildRules = (
			);
			dependencies = (
			);
			name = AVAssetLoaderTest;
			productName = AVAssetLoaderSample;
			productReference = A1B8C2912AD5DE020033B766 /* AVAssetLoaderTest.app */;
			productType = "com.apple.product-type.application";
		};
/* End PBXNativeTarget section */

/* Begin PBXProject section */
		A1B8C2892AD5DE020033B766 /* Project object */ = {
			isa = PBXProject;
			attributes = {
				BuildIndependentTargetsInParallel = 1;
				LastSwiftUpdateCheck = 1500;
				LastUpgradeCheck = 1500;
				TargetAttributes = {
					A1B8C2902AD5DE020033B766 = {
						CreatedOnToolsVersion = 15.0;
					};
				};
			};
			buildConfigurationList = A1B8C28C2AD5DE020033B766 /* Build configuration list for PBXProject "AVAssetLoaderTest" */;
			compatibilityVersion = "Xcode 14.0";
			developmentRegion = en;
			hasScannedForEncodings = 0;
			knownRegions = (
				en,
				Base,
			);
			mainGroup = A1B8C2882AD5DE020033B766;
			productRefGroup = A1B8C2922AD5DE020033B766 /* Products */;
			projectDirPath = "";
			projectRoot = "";
			targets = (
				A1B8C2902AD5DE020033B766 /* AVAssetLoaderTest */,
			);
		};
/* End PBXProject section */

/* Begin PBXResourcesBuildPhase section */
		A1B8C28F2AD5DE020033B766 /* Resources */ = {
			isa = PBXResourcesBuildPhase;
			buildActionMask = 2147483647;
			files = (
				A1B8C2A12AD5DE030033B766 /* LaunchScreen.storyboard in Resources */,
				A1B8C29E2AD5DE030033B766 /* Assets.xcassets in Resources */,
				A1B8C29C2AD5DE020033B766 /* Main.storyboard in Resources */,
				A1B8C2B12AD5EE970033B766 /* sample.mp4 in Resources */,
			);
			runOnlyForDeploymentPostprocessing = 0;
		};
/* End PBXResourcesBuildPhase section */

/* Begin PBXSourcesBuildPhase section */
		A1B8C28D2AD5DE020033B766 /* Sources */ = {
			isa = PBXSourcesBuildPhase;
			buildActionMask = 2147483647;
			files = (
				A1B8C2992AD5DE020033B766 /* ViewController.swift in Sources */,
				A1B8C2AF2AD5EBD20033B766 /* ResourceLoaderDelegate.swift in Sources */,
				A1B8C2952AD5DE020033B766 /* AppDelegate.swift in Sources */,
				A1B8C2972AD5DE020033B766 /* SceneDelegate.swift in Sources */,
				A1B8C2AB2AD5E41F0033B766 /* Utils.swift in Sources */,
			);
			runOnlyForDeploymentPostprocessing = 0;
		};
/* End PBXSourcesBuildPhase section */

/* Begin PBXVariantGroup section */
		A1B8C29A2AD5DE020033B766 /* Main.storyboard */ = {
			isa = PBXVariantGroup;
			children = (
				A1B8C29B2AD5DE020033B766 /* Base */,
			);
			name = Main.storyboard;
			sourceTree = "<group>";
		};
		A1B8C29F2AD5DE030033B766 /* LaunchScreen.storyboard */ = {
			isa = PBXVariantGroup;
			children = (
				A1B8C2A02AD5DE030033B766 /* Base */,
			);
			name = LaunchScreen.storyboard;
			sourceTree = "<group>";
		};
/* End PBXVariantGroup section */

/* Begin XCBuildConfiguration section */
		A1B8C2A32AD5DE030033B766 /* Debug */ = {
			isa = XCBuildConfiguration;
			buildSettings = {
				ALWAYS_SEARCH_USER_PATHS = NO;
				ASSETCATALOG_COMPILER_GENERATE_SWIFT_ASSET_SYMBOL_EXTENSIONS = YES;
				CLANG_ANALYZER_NONNULL = YES;
				CLANG_ANALYZER_NUMBER_OBJECT_CONVERSION = YES_AGGRESSIVE;
				CLANG_CXX_LANGUAGE_STANDARD = "gnu++20";
				CLANG_ENABLE_MODULES = YES;
				CLANG_ENABLE_OBJC_ARC = YES;
				CLANG_ENABLE_OBJC_WEAK = YES;
				CLANG_WARN_BLOCK_CAPTURE_AUTORELEASING = YES;
				CLANG_WARN_BOOL_CONVERSION = YES;
				CLANG_WARN_COMMA = YES;
				CLANG_WARN_CONSTANT_CONVERSION = YES;
				CLANG_WARN_DEPRECATED_OBJC_IMPLEMENTATIONS = YES;
				CLANG_WARN_DIRECT_OBJC_ISA_USAGE = YES_ERROR;
				CLANG_WARN_DOCUMENTATION_COMMENTS = YES;
				CLANG_WARN_EMPTY_BODY = YES;
				CLANG_WARN_ENUM_CONVERSION = YES;
				CLANG_WARN_INFINITE_RECURSION = YES;
				CLANG_WARN_INT_CONVERSION = YES;
				CLANG_WARN_NON_LITERAL_NULL_CONVERSION = YES;
				CLANG_WARN_OBJC_IMPLICIT_RETAIN_SELF = YES;
				CLANG_WARN_OBJC_LITERAL_CONVERSION = YES;
				CLANG_WARN_OBJC_ROOT_CLASS = YES_ERROR;
				CLANG_WARN_QUOTED_INCLUDE_IN_FRAMEWORK_HEADER = YES;
				CLANG_WARN_RANGE_LOOP_ANALYSIS = YES;
				CLANG_WARN_STRICT_PROTOTYPES = YES;
				CLANG_WARN_SUSPICIOUS_MOVE = YES;
				CLANG_WARN_UNGUARDED_AVAILABILITY = YES_AGGRESSIVE;
				CLANG_WARN_UNREACHABLE_CODE = YES;
				CLANG_WARN__DUPLICATE_METHOD_MATCH = YES;
				COPY_PHASE_STRIP = NO;
				DEBUG_INFORMATION_FORMAT = dwarf;
				ENABLE_STRICT_OBJC_MSGSEND = YES;
				ENABLE_TESTABILITY = YES;
				ENABLE_USER_SCRIPT_SANDBOXING = YES;
				GCC_C_LANGUAGE_STANDARD = gnu17;
				GCC_DYNAMIC_NO_PIC = NO;
				GCC_NO_COMMON_BLOCKS = YES;
				GCC_OPTIMIZATION_LEVEL = 0;
				GCC_PREPROCESSOR_DEFINITIONS = (
					"DEBUG=1",
					"$(inherited)",
				);
				GCC_WARN_64_TO_32_BIT_CONVERSION = YES;
				GCC_WARN_ABOUT_RETURN_TYPE = YES_ERROR;
				GCC_WARN_UNDECLARED_SELECTOR = YES;
				GCC_WARN_UNINITIALIZED_AUTOS = YES_AGGRESSIVE;
				GCC_WARN_UNUSED_FUNCTION = YES;
				GCC_WARN_UNUSED_VARIABLE = YES;
				IPHONEOS_DEPLOYMENT_TARGET = 17.0;
				LOCALIZATION_PREFERS_STRING_CATALOGS = YES;
				MTL_ENABLE_DEBUG_INFO = INCLUDE_SOURCE;
				MTL_FAST_MATH = YES;
				ONLY_ACTIVE_ARCH = YES;
				SDKROOT = iphoneos;
				SWIFT_ACTIVE_COMPILATION_CONDITIONS = "DEBUG $(inherited)";
				SWIFT_OPTIMIZATION_LEVEL = "-Onone";
			};
			name = Debug;
		};
		A1B8C2A42AD5DE030033B766 /* Release */ = {
			isa = XCBuildConfiguration;
			buildSettings = {
				ALWAYS_SEARCH_USER_PATHS = NO;
				ASSETCATALOG_COMPILER_GENERATE_SWIFT_ASSET_SYMBOL_EXTENSIONS = YES;
				CLANG_ANALYZER_NONNULL = YES;
				CLANG_ANALYZER_NUMBER_OBJECT_CONVERSION = YES_AGGRESSIVE;
				CLANG_CXX_LANGUAGE_STANDARD = "gnu++20";
				CLANG_ENABLE_MODULES = YES;
				CLANG_ENABLE_OBJC_ARC = YES;
				CLANG_ENABLE_OBJC_WEAK = YES;
				CLANG_WARN_BLOCK_CAPTURE_AUTORELEASING = YES;
				CLANG_WARN_BOOL_CONVERSION = YES;
				CLANG_WARN_COMMA = YES;
				CLANG_WARN_CONSTANT_CONVERSION = YES;
				CLANG_WARN_DEPRECATED_OBJC_IMPLEMENTATIONS = YES;
				CLANG_WARN_DIRECT_OBJC_ISA_USAGE = YES_ERROR;
				CLANG_WARN_DOCUMENTATION_COMMENTS = YES;
				CLANG_WARN_EMPTY_BODY = YES;
				CLANG_WARN_ENUM_CONVERSION = YES;
				CLANG_WARN_INFINITE_RECURSION = YES;
				CLANG_WARN_INT_CONVERSION = YES;
				CLANG_WARN_NON_LITERAL_NULL_CONVERSION = YES;
				CLANG_WARN_OBJC_IMPLICIT_RETAIN_SELF = YES;
				CLANG_WARN_OBJC_LITERAL_CONVERSION = YES;
				CLANG_WARN_OBJC_ROOT_CLASS = YES_ERROR;
				CLANG_WARN_QUOTED_INCLUDE_IN_FRAMEWORK_HEADER = YES;
				CLANG_WARN_RANGE_LOOP_ANALYSIS = YES;
				CLANG_WARN_STRICT_PROTOTYPES = YES;
				CLANG_WARN_SUSPICIOUS_MOVE = YES;
				CLANG_WARN_UNGUARDED_AVAILABILITY = YES_AGGRESSIVE;
				CLANG_WARN_UNREACHABLE_CODE = YES;
				CLANG_WARN__DUPLICATE_METHOD_MATCH = YES;
				COPY_PHASE_STRIP = NO;
				DEBUG_INFORMATION_FORMAT = "dwarf-with-dsym";
				ENABLE_NS_ASSERTIONS = NO;
				ENABLE_STRICT_OBJC_MSGSEND = YES;
				ENABLE_USER_SCRIPT_SANDBOXING = YES;
				GCC_C_LANGUAGE_STANDARD = gnu17;
				GCC_NO_COMMON_BLOCKS = YES;
				GCC_WARN_64_TO_32_BIT_CONVERSION = YES;
				GCC_WARN_ABOUT_RETURN_TYPE = YES_ERROR;
				GCC_WARN_UNDECLARED_SELECTOR = YES;
				GCC_WARN_UNINITIALIZED_AUTOS = YES_AGGRESSIVE;
				GCC_WARN_UNUSED_FUNCTION = YES;
				GCC_WARN_UNUSED_VARIABLE = YES;
				IPHONEOS_DEPLOYMENT_TARGET = 17.0;
				LOCALIZATION_PREFERS_STRING_CATALOGS = YES;
				MTL_ENABLE_DEBUG_INFO = NO;
				MTL_FAST_MATH = YES;
				SDKROOT = iphoneos;
				SWIFT_COMPILATION_MODE = wholemodule;
				VALIDATE_PRODUCT = YES;
			};
			name = Release;
		};
		A1B8C2A62AD5DE030033B766 /* Debug */ = {
			isa = XCBuildConfiguration;
			buildSettings = {
				ASSETCATALOG_COMPILER_APPICON_NAME = AppIcon;
				ASSETCATALOG_COMPILER_GLOBAL_ACCENT_COLOR_NAME = AccentColor;
				CODE_SIGN_STYLE = Automatic;
				CURRENT_PROJECT_VERSION = 1;
				DEVELOPMENT_TEAM = P84C98Q322;
				GENERATE_INFOPLIST_FILE = YES;
				INFOPLIST_FILE = AVAssetLoaderTest/Info.plist;
				INFOPLIST_KEY_UIApplicationSupportsIndirectInputEvents = YES;
				INFOPLIST_KEY_UILaunchStoryboardName = LaunchScreen;
				INFOPLIST_KEY_UIMainStoryboardFile = Main;
				INFOPLIST_KEY_UISupportedInterfaceOrientations_iPad = "UIInterfaceOrientationPortrait UIInterfaceOrientationPortraitUpsideDown UIInterfaceOrientationLandscapeLeft UIInterfaceOrientationLandscapeRight";
				INFOPLIST_KEY_UISupportedInterfaceOrientations_iPhone = "UIInterfaceOrientationPortrait UIInterfaceOrientationLandscapeLeft UIInterfaceOrientationLandscapeRight";
				IPHONEOS_DEPLOYMENT_TARGET = 16.0;
				LD_RUNPATH_SEARCH_PATHS = (
					"$(inherited)",
					"@executable_path/Frameworks",
				);
				MARKETING_VERSION = 1.0;
				PRODUCT_BUNDLE_IDENTIFIER = com.test.AVAssetLoaderSample;
				PRODUCT_NAME = "$(TARGET_NAME)";
				SWIFT_EMIT_LOC_STRINGS = YES;
				SWIFT_VERSION = 5.0;
				TARGETED_DEVICE_FAMILY = "1,2";
			};
			name = Debug;
		};
		A1B8C2A72AD5DE030033B766 /* Release */ = {
			isa = XCBuildConfiguration;
			buildSettings = {
				ASSETCATALOG_COMPILER_APPICON_NAME = AppIcon;
				ASSETCATALOG_COMPILER_GLOBAL_ACCENT_COLOR_NAME = AccentColor;
				CODE_SIGN_STYLE = Automatic;
				CURRENT_PROJECT_VERSION = 1;
				DEVELOPMENT_TEAM = P84C98Q322;
				GENERATE_INFOPLIST_FILE = YES;
				INFOPLIST_FILE = AVAssetLoaderTest/Info.plist;
				INFOPLIST_KEY_UIApplicationSupportsIndirectInputEvents = YES;
				INFOPLIST_KEY_UILaunchStoryboardName = LaunchScreen;
				INFOPLIST_KEY_UIMainStoryboardFile = Main;
				INFOPLIST_KEY_UISupportedInterfaceOrientations_iPad = "UIInterfaceOrientationPortrait UIInterfaceOrientationPortraitUpsideDown UIInterfaceOrientationLandscapeLeft UIInterfaceOrientationLandscapeRight";
				INFOPLIST_KEY_UISupportedInterfaceOrientations_iPhone = "UIInterfaceOrientationPortrait UIInterfaceOrientationLandscapeLeft UIInterfaceOrientationLandscapeRight";
				IPHONEOS_DEPLOYMENT_TARGET = 16.0;
				LD_RUNPATH_SEARCH_PATHS = (
					"$(inherited)",
					"@executable_path/Frameworks",
				);
				MARKETING_VERSION = 1.0;
				PRODUCT_BUNDLE_IDENTIFIER = com.test.AVAssetLoaderSample;
				PRODUCT_NAME = "$(TARGET_NAME)";
				SWIFT_EMIT_LOC_STRINGS = YES;
				SWIFT_VERSION = 5.0;
				TARGETED_DEVICE_FAMILY = "1,2";
			};
			name = Release;
		};
/* End XCBuildConfiguration section */

/* Begin XCConfigurationList section */
		A1B8C28C2AD5DE020033B766 /* Build configuration list for PBXProject "AVAssetLoaderTest" */ = {
			isa = XCConfigurationList;
			buildConfigurations = (
				A1B8C2A32AD5DE030033B766 /* Debug */,
				A1B8C2A42AD5DE030033B766 /* Release */,
			);
			defaultConfigurationIsVisible = 0;
			defaultConfigurationName = Release;
		};
		A1B8C2A52AD5DE030033B766 /* Build configuration list for PBXNativeTarget "AVAssetLoaderTest" */ = {
			isa = XCConfigurationList;
			buildConfigurations = (
				A1B8C2A62AD5DE030033B766 /* Debug */,
				A1B8C2A72AD5DE030033B766 /* Release */,
			);
			defaultConfigurationIsVisible = 0;
			defaultConfigurationName = Release;
		};
/* End XCConfigurationList section */
	};
	rootObject = A1B8C2892AD5DE020033B766 /* Project object */;
}
